Microsoft Visual Studio Solution File, Format Version 12.00
# Visual Studio Version 17
VisualStudioVersion = 17.5.2.0
MinimumVisualStudioVersion = 10.0.40219.1
Project("{FAE04EC0-301F-11D3-BF4B-00C04F79EFBC}") = "MyCalculatorApp", "MyCalculatorApp.csproj", "{D29CC42D-6168-B701-29A9-8505FD693D73}"
EndProject
Global
	GlobalSection(SolutionConfigurationPlatforms) = preSolution
		Debug|Any CPU = Debug|Any CPU
		Release|Any CPU = Release|Any CPU
	EndGlobalSection
	GlobalSection(ProjectConfigurationPlatforms) = postSolution
		{D29CC42D-6168-B701-29A9-8505FD693D73}.Debug|Any CPU.ActiveCfg = Debug|Any CPU
		{D29CC42D-6168-B701-29A9-8505FD693D73}.Debug|Any CPU.Build.0 = Debug|Any CPU
		{D29CC42D-6168-B701-29A9-8505FD693D73}.Release|Any CPU.ActiveCfg = Release|Any CPU
		{D29CC42D-6168-B701-29A9-8505FD693D73}.Release|Any CPU.Build.0 = Release|Any CPU
	EndGlobalSection
	GlobalSection(SolutionProperties) = preSolution
		HideSolutionNode = FALSE
	EndGlobalSection
	GlobalSection(ExtensibilityGlobals) = postSolution
		SolutionGuid = {CBE9370C-5ACB-46BC-9BF9-0D0E960D5876}
	EndGlobalSection
EndGlobal
